dependencies:
- name: postgres
  repository: file://../postgres
  version: 0.1.0
- name: kafka
  repository: file://../kafka
  version: 0.1.0
- name: gateway-service
  repository: file://../gateway-service
  version: 0.1.0
- name: accounts-service
  repository: file://../accounts-service
  version: 0.1.0
- name: cash-service
  repository: file://../cash-service
  version: 0.1.0
- name: transfer-service
  repository: file://../transfer-service
  version: 0.1.0
- name: notification-service
  repository: file://../notification-service
  version: 0.1.0
digest: sha256:abe94c9dfaddc79ecc72789161a9474c4c30e0886523cc8692602324a79bd406
generated: "2026-08-22T16:33:30.219012888+03:00"
