dependencies:
- name: postgres
  repository: file://../postgres
  version: 0.1.0
- name: kafka
  repository: file://../kafka
  version: 0.1.0
- name: accounts-service
  repository: file://../accounts-service
  version: 0.1.0
- name: cash-service
  repository: file://../cash-service
  version: 0.1.0
- name: transfer-service
  repository: file://../transfer-service
  version: 0.1.0
- name: notification-service
  repository: file://../notification-service
  version: 0.1.0
- name: keycloak
  repository: file://../keycloak
  version: 0.1.0
digest: sha256:6c120e5886d6839f46ba0351044bdcb6e6fa3905663fde2e55dc069478ca961d
generated: "2026-08-31T23:54:34.99279761+03:00"
